
Microsoft Visual Studio Solution File, Format Version 12.00
# Visual Studio Version 16
VisualStudioVersion = 16.0.30523.141
MinimumVisualStudioVersion = 10.0.40219.1
Project("{FAE04EC0-301F-11D3-BF4B-00C04F79EFBC}") = "Libreria_Operaciones", "Libreria_Operaciones\Libreria_Operaciones.csproj", "{224FFD23-61C1-42F9-AB7B-8196E0A61248}"
EndProject
Global
	GlobalSection(SolutionConfigurationPlatforms) = preSolution
		Debug|Any CPU = Debug|Any CPU
		Release|Any CPU = Release|Any CPU
	EndGlobalSection
	GlobalSection(ProjectConfigurationPlatforms) = postSolution
		{224FFD23-61C1-42F9-AB7B-8196E0A61248}.Debug|Any CPU.ActiveCfg = Debug|Any CPU
		{224FFD23-61C1-42F9-AB7B-8196E0A61248}.Debug|Any CPU.Build.0 = Debug|Any CPU
		{224FFD23-61C1-42F9-AB7B-8196E0A61248}.Release|Any CPU.ActiveCfg = Release|Any CPU
		{224FFD23-61C1-42F9-AB7B-8196E0A61248}.Release|Any CPU.Build.0 = Release|Any CPU
	EndGlobalSection
	GlobalSection(SolutionProperties) = preSolution
		HideSolutionNode = FALSE
	EndGlobalSection
	GlobalSection(ExtensibilityGlobals) = postSolution
		SolutionGuid = {CE0634B4-D908-494B-AD7A-1C175A1A0628}
	EndGlobalSection
EndGlobal
